
Microsoft Visual Studio Solution File, Format Version 12.00
# Visual Studio Version 16
VisualStudioVersion = 16.0.28803.452
MinimumVisualStudioVersion = 10.0.40219.1
Project("{FAE04EC0-301F-11D3-BF4B-00C04F79EFBC}") = "DK.Util", "DK.Util\DK.Util.csproj", "{CF70FB71-50D7-4014-92CF-9ABF51579EC6}"
EndProject
Project("{FAE04EC0-301F-11D3-BF4B-00C04F79EFBC}") = "DK.All", "DK.All\DK.All.csproj", "{83ED2E58-E590-4E6A-B976-6595049551E7}"
EndProject
Project("{FAE04EC0-301F-11D3-BF4B-00C04F79EFBC}") = "DK.NHibernate", "DK.NHibernate\DK.NHibernate.csproj", "{5CCE8FD9-BF36-4C3B-8651-D2FB97295D74}"
EndProject
Project("{FAE04EC0-301F-11D3-BF4B-00C04F79EFBC}") = "DK.Excel", "DK.Excel\DK.Excel.csproj", "{F2EDE40B-6855-4801-AA0F-74E5412C1B0A}"
EndProject
Project("{FAE04EC0-301F-11D3-BF4B-00C04F79EFBC}") = "DK.XML", "DK.XML\DK.XML.csproj", "{BE5C6AFD-8D76-4A62-B77A-C5503FCDBE57}"
EndProject
Project("{FAE04EC0-301F-11D3-BF4B-00C04F79EFBC}") = "DK.MVC", "DK.MVC\DK.MVC.csproj", "{ED39BCED-DE3F-45DB-BB83-39EC967C92E8}"
EndProject
Project("{9A19103F-16F7-4668-BE54-9A1E7A4F7556}") = "DK.TwoFactorAuth", "DK.TwoFactorAuth\DK.TwoFactorAuth.csproj", "{FC3C099E-3909-468E-A1F8-EE2D74FCA970}"
EndProject
Project("{2150E333-8FDC-42A3-9474-1A3956D46DE8}") = "Solution Items", "Solution Items", "{069A82F1-3AD0-4186-AF30-D11E57766D25}"
	ProjectSection(SolutionItems) = preProject
		.editorconfig = .editorconfig
	EndProjectSection
EndProject
Global
	GlobalSection(SolutionConfigurationPlatforms) = preSolution
		Debug|Any CPU = Debug|Any CPU
		Debug|Mixed Platforms = Debug|Mixed Platforms
		Debug|x86 = Debug|x86
		Release|Any CPU = Release|Any CPU
		Release|Mixed Platforms = Release|Mixed Platforms
		Release|x86 = Release|x86
	EndGlobalSection
	GlobalSection(ProjectConfigurationPlatforms) = postSolution
		{CF70FB71-50D7-4014-92CF-9ABF51579EC6}.Debug|Any CPU.ActiveCfg = Debug|Any CPU
		{CF70FB71-50D7-4014-92CF-9ABF51579EC6}.Debug|Any CPU.Build.0 = Debug|Any CPU
		{CF70FB71-50D7-4014-92CF-9ABF51579EC6}.Debug|Mixed Platforms.ActiveCfg = Debug|Any CPU
		{CF70FB71-50D7-4014-92CF-9ABF51579EC6}.Debug|Mixed Platforms.Build.0 = Debug|Any CPU
		{CF70FB71-50D7-4014-92CF-9ABF51579EC6}.Debug|x86.ActiveCfg = Debug|Any CPU
		{CF70FB71-50D7-4014-92CF-9ABF51579EC6}.Release|Any CPU.ActiveCfg = Release|Any CPU
		{CF70FB71-50D7-4014-92CF-9ABF51579EC6}.Release|Any CPU.Build.0 = Release|Any CPU
		{CF70FB71-50D7-4014-92CF-9ABF51579EC6}.Release|Mixed Platforms.ActiveCfg = Release|Any CPU
		{CF70FB71-50D7-4014-92CF-9ABF51579EC6}.Release|Mixed Platforms.Build.0 = Release|Any CPU
		{CF70FB71-50D7-4014-92CF-9ABF51579EC6}.Release|x86.ActiveCfg = Release|Any CPU
		{83ED2E58-E590-4E6A-B976-6595049551E7}.Debug|Any CPU.ActiveCfg = Debug|x86
		{83ED2E58-E590-4E6A-B976-6595049551E7}.Debug|Mixed Platforms.ActiveCfg = Debug|x86
		{83ED2E58-E590-4E6A-B976-6595049551E7}.Debug|Mixed Platforms.Build.0 = Debug|x86
		{83ED2E58-E590-4E6A-B976-6595049551E7}.Debug|x86.ActiveCfg = Debug|x86
		{83ED2E58-E590-4E6A-B976-6595049551E7}.Debug|x86.Build.0 = Debug|x86
		{83ED2E58-E590-4E6A-B976-6595049551E7}.Release|Any CPU.ActiveCfg = Release|x86
		{83ED2E58-E590-4E6A-B976-6595049551E7}.Release|Mixed Platforms.ActiveCfg = Release|x86
		{83ED2E58-E590-4E6A-B976-6595049551E7}.Release|Mixed Platforms.Build.0 = Release|x86
		{83ED2E58-E590-4E6A-B976-6595049551E7}.Release|x86.ActiveCfg = Release|x86
		{83ED2E58-E590-4E6A-B976-6595049551E7}.Release|x86.Build.0 = Release|x86
		{5CCE8FD9-BF36-4C3B-8651-D2FB97295D74}.Debug|Any CPU.ActiveCfg = Debug|Any CPU
		{5CCE8FD9-BF36-4C3B-8651-D2FB97295D74}.Debug|Any CPU.Build.0 = Debug|Any CPU
		{5CCE8FD9-BF36-4C3B-8651-D2FB97295D74}.Debug|Mixed Platforms.ActiveCfg = Debug|Any CPU
		{5CCE8FD9-BF36-4C3B-8651-D2FB97295D74}.Debug|Mixed Platforms.Build.0 = Debug|Any CPU
		{5CCE8FD9-BF36-4C3B-8651-D2FB97295D74}.Debug|x86.ActiveCfg = Debug|Any CPU
		{5CCE8FD9-BF36-4C3B-8651-D2FB97295D74}.Release|Any CPU.ActiveCfg = Release|Any CPU
		{5CCE8FD9-BF36-4C3B-8651-D2FB97295D74}.Release|Any CPU.Build.0 = Release|Any CPU
		{5CCE8FD9-BF36-4C3B-8651-D2FB97295D74}.Release|Mixed Platforms.ActiveCfg = Release|Any CPU
		{5CCE8FD9-BF36-4C3B-8651-D2FB97295D74}.Release|Mixed Platforms.Build.0 = Release|Any CPU
		{5CCE8FD9-BF36-4C3B-8651-D2FB97295D74}.Release|x86.ActiveCfg = Release|Any CPU
		{F2EDE40B-6855-4801-AA0F-74E5412C1B0A}.Debug|Any CPU.ActiveCfg = Debug|Any CPU
		{F2EDE40B-6855-4801-AA0F-74E5412C1B0A}.Debug|Any CPU.Build.0 = Debug|Any CPU
		{F2EDE40B-6855-4801-AA0F-74E5412C1B0A}.Debug|Mixed Platforms.ActiveCfg = Debug|Any CPU
		{F2EDE40B-6855-4801-AA0F-74E5412C1B0A}.Debug|Mixed Platforms.Build.0 = Debug|Any CPU
		{F2EDE40B-6855-4801-AA0F-74E5412C1B0A}.Debug|x86.ActiveCfg = Debug|Any CPU
		{F2EDE40B-6855-4801-AA0F-74E5412C1B0A}.Release|Any CPU.ActiveCfg = Release|Any CPU
		{F2EDE40B-6855-4801-AA0F-74E5412C1B0A}.Release|Any CPU.Build.0 = Release|Any CPU
		{F2EDE40B-6855-4801-AA0F-74E5412C1B0A}.Release|Mixed Platforms.ActiveCfg = Release|Any CPU
		{F2EDE40B-6855-4801-AA0F-74E5412C1B0A}.Release|Mixed Platforms.Build.0 = Release|Any CPU
		{F2EDE40B-6855-4801-AA0F-74E5412C1B0A}.Release|x86.ActiveCfg = Release|Any CPU
		{BE5C6AFD-8D76-4A62-B77A-C5503FCDBE57}.Debug|Any CPU.ActiveCfg = Debug|Any CPU
		{BE5C6AFD-8D76-4A62-B77A-C5503FCDBE57}.Debug|Any CPU.Build.0 = Debug|Any CPU
		{BE5C6AFD-8D76-4A62-B77A-C5503FCDBE57}.Debug|Mixed Platforms.ActiveCfg = Debug|Any CPU
		{BE5C6AFD-8D76-4A62-B77A-C5503FCDBE57}.Debug|Mixed Platforms.Build.0 = Debug|Any CPU
		{BE5C6AFD-8D76-4A62-B77A-C5503FCDBE57}.Debug|x86.ActiveCfg = Debug|Any CPU
		{BE5C6AFD-8D76-4A62-B77A-C5503FCDBE57}.Release|Any CPU.ActiveCfg = Release|Any CPU
		{BE5C6AFD-8D76-4A62-B77A-C5503FCDBE57}.Release|Any CPU.Build.0 = Release|Any CPU
		{BE5C6AFD-8D76-4A62-B77A-C5503FCDBE57}.Release|Mixed Platforms.ActiveCfg = Release|Any CPU
		{BE5C6AFD-8D76-4A62-B77A-C5503FCDBE57}.Release|Mixed Platforms.Build.0 = Release|Any CPU
		{BE5C6AFD-8D76-4A62-B77A-C5503FCDBE57}.Release|x86.ActiveCfg = Release|Any CPU
		{ED39BCED-DE3F-45DB-BB83-39EC967C92E8}.Debug|Any CPU.ActiveCfg = Debug|Any CPU
		{ED39BCED-DE3F-45DB-BB83-39EC967C92E8}.Debug|Any CPU.Build.0 = Debug|Any CPU
		{ED39BCED-DE3F-45DB-BB83-39EC967C92E8}.Debug|Mixed Platforms.ActiveCfg = Debug|Any CPU
		{ED39BCED-DE3F-45DB-BB83-39EC967C92E8}.Debug|Mixed Platforms.Build.0 = Debug|Any CPU
		{ED39BCED-DE3F-45DB-BB83-39EC967C92E8}.Debug|x86.ActiveCfg = Debug|Any CPU
		{ED39BCED-DE3F-45DB-BB83-39EC967C92E8}.Release|Any CPU.ActiveCfg = Release|Any CPU
		{ED39BCED-DE3F-45DB-BB83-39EC967C92E8}.Release|Any CPU.Build.0 = Release|Any CPU
		{ED39BCED-DE3F-45DB-BB83-39EC967C92E8}.Release|Mixed Platforms.ActiveCfg = Release|Any CPU
		{ED39BCED-DE3F-45DB-BB83-39EC967C92E8}.Release|Mixed Platforms.Build.0 = Release|Any CPU
		{ED39BCED-DE3F-45DB-BB83-39EC967C92E8}.Release|x86.ActiveCfg = Release|Any CPU
		{FC3C099E-3909-468E-A1F8-EE2D74FCA970}.Debug|Any CPU.ActiveCfg = Debug|Any CPU
		{FC3C099E-3909-468E-A1F8-EE2D74FCA970}.Debug|Any CPU.Build.0 = Debug|Any CPU
		{FC3C099E-3909-468E-A1F8-EE2D74FCA970}.Debug|Mixed Platforms.ActiveCfg = Debug|Any CPU
		{FC3C099E-3909-468E-A1F8-EE2D74FCA970}.Debug|Mixed Platforms.Build.0 = Debug|Any CPU
		{FC3C099E-3909-468E-A1F8-EE2D74FCA970}.Debug|x86.ActiveCfg = Debug|Any CPU
		{FC3C099E-3909-468E-A1F8-EE2D74FCA970}.Debug|x86.Build.0 = Debug|Any CPU
		{FC3C099E-3909-468E-A1F8-EE2D74FCA970}.Release|Any CPU.ActiveCfg = Release|Any CPU
		{FC3C099E-3909-468E-A1F8-EE2D74FCA970}.Release|Any CPU.Build.0 = Release|Any CPU
		{FC3C099E-3909-468E-A1F8-EE2D74FCA970}.Release|Mixed Platforms.ActiveCfg = Release|Any CPU
		{FC3C099E-3909-468E-A1F8-EE2D74FCA970}.Release|Mixed Platforms.Build.0 = Release|Any CPU
		{FC3C099E-3909-468E-A1F8-EE2D74FCA970}.Release|x86.ActiveCfg = Release|Any CPU
		{FC3C099E-3909-468E-A1F8-EE2D74FCA970}.Release|x86.Build.0 = Release|Any CPU
	EndGlobalSection
	GlobalSection(SolutionProperties) = preSolution
		HideSolutionNode = FALSE
	EndGlobalSection
	GlobalSection(ExtensibilityGlobals) = postSolution
		SolutionGuid = {10EFE16A-5409-4F2A-88D1-562B3F38266C}
	EndGlobalSection
EndGlobal
